dependencies:
- name: nats
  repository: https://nats-io.github.io/k8s/helm/charts
  version: 2.12.3
- name: valkey-cluster
  repository: oci://registry-1.docker.io/bitnamicharts
  version: 3.0.24
- name: pgo
  repository: oci://registry-1.docker.io/ashupednekar535
  version: 5.8.1
- name: minio
  repository: https://charts.bitnami.com/bitnami
  version: 17.0.2
- name: gitea
  repository: https://dl.gitea.com/charts/
  version: 12.4.0
- name: actions
  repository: https://dl.gitea.com/charts/
  version: 0.0.2
- name: harbor
  repository: https://helm.goharbor.io
  version: 1.14.0
- name: litewebservices-portal
  repository: oci://ghcr.io/ashupednekar/charts
  version: 0.1.93
digest: sha256:16ee52982f10357f0e0d6422cbf4140624da6751a3adee6636ed478bf410cfb5
generated: "2026-01-24T00:32:31.374034+05:30"
