dependencies:
- name: nats
  repository: https://nats-io.github.io/k8s/helm/charts
  version: 2.12.3
- name: valkey-cluster
  repository: oci://registry-1.docker.io/bitnamicharts
  version: 3.0.24
- name: pgo
  repository: oci://registry-1.docker.io/ashupednekar535
  version: 5.8.1
- name: minio
  repository: https://charts.bitnami.com/bitnami
  version: 17.0.2
- name: gitea
  repository: https://dl.gitea.com/charts/
  version: 12.4.0
- name: actions
  repository: https://dl.gitea.com/charts/
  version: 0.0.2
- name: zot
  repository: http://zotregistry.dev/helm-charts
  version: 0.1.97
digest: sha256:eb86c1901fda2c3d6da72ab178b41703a8d4f5d6f48b0e6fcd738ee6a43a0a70
generated: "2026-02-04T22:42:12.608955+05:30"
